{
  "name": "playwright-demo",
  "version": "1.0.0",
  "lockfileVersion": 3,
  "requires": true,
  "packages": {
    "": {
      "name": "playwright-demo",
      "version": "1.0.0",
      "license": "ISC",
      "dependencies": {
        "@axe-core/playwright": "^4.11.0"
      },
      "devDependencies": {
        "@faker-js/faker": "^10.5.0",
        "@playwright/test": "^1.58.0",
        "@types/node": "^25.1.0",
        "dotenv": "^17.4.2",
        "tsconfig-paths": "^4.2.0",
        "typescript": "^6.0.3"
      }
    },
    "node_modules/@axe-core/playwright": {
      "version": "4.11.0",
      "resolved": "https://registry.npmjs.org/@axe-core/playwright/-/playwright-4.11.0.tgz",
      "integrity": "sha512-70vBT/Ylqpm65RQz2iCG2o0JJCEG/WCNyefTr2xcOcr1CoSee60gNQYUMZZ7YukoKkFLv26I/jjlsvwwp532oQ==",
      "license": "MPL-2.0",
      "dependencies": {
        "axe-core": "~4.11.0"
      },
      "peerDependencies": {
        "playwright-core": ">= 1.0.0"
      }
    },
    "node_modules/@faker-js/faker": {
      "version": "10.5.0",
      "resolved": "https://registry.npmjs.org/@faker-js/faker/-/faker-10.5.0.tgz",
      "integrity": "sha512-bsxD8WLS5lIj7aaoCx1YJkktqYj5vlBUE6HWzu2Q51ksrGJ0H737ECCKlFU7Yf8Br45z9t99frBp/J7kzbMPAg==",
      "dev": true,
      "funding": [
        {
          "type": "opencollective",
          "url": "https://opencollective.com/fakerjs"
        }
      ],
      "license": "MIT",
      "engines": {
        "node": "^20.19.0 || ^22.13.0 || ^23.5.0 || >=24.0.0",
        "npm": ">=10"
      }
    },
    "node_modules/@playwright/test": {
      "version": "1.58.0",
      "resolved": "https://registry.npmjs.org/@playwright/test/-/test-1.58.0.tgz",
      "integrity": "sha512-fWza+Lpbj6SkQKCrU6si4iu+fD2dD3gxNHFhUPxsfXBPhnv3rRSQVd0NtBUT9Z/RhF/boCBcuUaMUSTRTopjZg==",
      "dev": true,
      "license": "Apache-2.0",
      "dependencies": {
        "playwright": "1.58.0"
      },
      "bin": {
        "playwright": "cli.js"
      },
      "engines": {
        "node": ">=18"
      }
    },
    "node_modules/@types/node": {
      "version": "25.1.0",
      "resolved": "https://registry.npmjs.org/@types/node/-/node-25.1.0.tgz",
      "integrity": "sha512-t7frlewr6+cbx+9Ohpl0NOTKXZNV9xHRmNOvql47BFJKcEG1CxtxlPEEe+gR9uhVWM4DwhnvTF110mIL4yP9RA==",
      "dev": true,
      "license": "MIT",
      "dependencies": {
        "undici-types": "~7.16.0"
      }
    },
    "node_modules/axe-core": {
      "version": "4.11.1",
      "resolved": "https://registry.npmjs.org/axe-core/-/axe-core-4.11.1.tgz",
      "integrity": "sha512-BASOg+YwO2C+346x3LZOeoovTIoTrRqEsqMa6fmfAV0P+U9mFr9NsyOEpiYvFjbc64NMrSswhV50WdXzdb/Z5A==",
      "license": "MPL-2.0",
      "engines": {
        "node": ">=4"
      }
    },
    "node_modules/dotenv": {
      "version": "17.4.2",
      "resolved": "https://registry.npmjs.org/dotenv/-/dotenv-17.4.2.tgz",
      "integrity": "sha512-nI4U3TottKAcAD9LLud4Cb7b2QztQMUEfHbvhTH09bqXTxnSie8WnjPALV/WMCrJZ6UV/qHJ6L03OqO3LcdYZw==",
      "dev": true,
      "license": "BSD-2-Clause",
      "engines": {
        "node": ">=12"
      },
      "funding": {
        "url": "https://dotenvx.com"
      }
    },
    "node_modules/fsevents": {
      "version": "2.3.2",
      "resolved": "https://registry.npmjs.org/fsevents/-/fsevents-2.3.2.tgz",
      "integrity": "sha512-xiqMQR4xAeHTuB9uWm+fFRcIOgKBMiOBP+eXiyT7jsgVCq1bkVygt00oASowB7EdtpOHaaPgKt812P9ab+DDKA==",
      "dev": true,
      "hasInstallScript": true,
      "license": "MIT",
      "optional": true,
      "os": [
        "darwin"
      ],
      "engines": {
        "node": "^8.16.0 || ^10.6.0 || >=11.0.0"
      }
    },
    "node_modules/json5": {
      "version": "2.2.3",
      "resolved": "https://registry.npmjs.org/json5/-/json5-2.2.3.tgz",
      "integrity": "sha512-XmOWe7eyHYH14cLdVPoyg+GOH3rYX++KpzrylJwSW98t3Nk+U8XOl8FWKOgwtzdb8lXGf6zYwDUzeHMWfxasyg==",
      "dev": true,
      "license": "MIT",
      "bin": {
        "json5": "lib/cli.js"
      },
      "engines": {
        "node": ">=6"
      }
    },
    "node_modules/minimist": {
      "version": "1.2.8",
      "resolved": "https://registry.npmjs.org/minimist/-/minimist-1.2.8.tgz",
      "integrity": "sha512-2yyAR8qBkN3YuheJanUpWC5U3bb5osDywNB8RzDVlDwDHbocAJveqqj1u8+SVD7jkWT4yvsHCpWqqWqAxb0zCA==",
      "dev": true,
      "license": "MIT",
      "funding": {
        "url": "https://github.com/sponsors/ljharb"
      }
    },
    "node_modules/playwright": {
      "version": "1.58.0",
      "resolved": "https://registry.npmjs.org/playwright/-/playwright-1.58.0.tgz",
      "integrity": "sha512-2SVA0sbPktiIY/MCOPX8e86ehA/e+tDNq+e5Y8qjKYti2Z/JG7xnronT/TXTIkKbYGWlCbuucZ6dziEgkoEjQQ==",
      "dev": true,
      "license": "Apache-2.0",
      "dependencies": {
        "playwright-core": "1.58.0"
      },
      "bin": {
        "playwright": "cli.js"
      },
      "engines": {
        "node": ">=18"
      },
      "optionalDependencies": {
        "fsevents": "2.3.2"
      }
    },
    "node_modules/playwright-core": {
      "version": "1.58.0",
      "resolved": "https://registry.npmjs.org/playwright-core/-/playwright-core-1.58.0.tgz",
      "integrity": "sha512-aaoB1RWrdNi3//rOeKuMiS65UCcgOVljU46At6eFcOFPFHWtd2weHRRow6z/n+Lec0Lvu0k9ZPKJSjPugikirw==",
      "license": "Apache-2.0",
      "bin": {
        "playwright-core": "cli.js"
      },
      "engines": {
        "node": ">=18"
      }
    },
    "node_modules/strip-bom": {
      "version": "3.0.0",
      "resolved": "https://registry.npmjs.org/strip-bom/-/strip-bom-3.0.0.tgz",
      "integrity": "sha512-vavAMRXOgBVNF6nyEEmL3DBK19iRpDcoIwW+swQ+CbGiu7lju6t+JklA1MHweoWtadgt4ISVUsXLyDq34ddcwA==",
      "dev": true,
      "license": "MIT",
      "engines": {
        "node": ">=4"
      }
    },
    "node_modules/tsconfig-paths": {
      "version": "4.2.0",
      "resolved": "https://registry.npmjs.org/tsconfig-paths/-/tsconfig-paths-4.2.0.tgz",
      "integrity": "sha512-NoZ4roiN7LnbKn9QqE1amc9DJfzvZXxF4xDavcOWt1BPkdx+m+0gJuPM+S0vCe7zTJMYUP0R8pO2XMr+Y8oLIg==",
      "dev": true,
      "license": "MIT",
      "dependencies": {
        "json5": "^2.2.2",
        "minimist": "^1.2.6",
        "strip-bom": "^3.0.0"
      },
      "engines": {
        "node": ">=6"
      }
    },
    "node_modules/typescript": {
      "version": "6.0.3",
      "resolved": "https://registry.npmjs.org/typescript/-/typescript-6.0.3.tgz",
      "integrity": "sha512-y2TvuxSZPDyQakkFRPZHKFm+KKVqIisdg9/CZwm9ftvKXLP8NRWj38/ODjNbr43SsoXqNuAisEf1GdCxqWcdBw==",
      "dev": true,
      "license": "Apache-2.0",
      "bin": {
        "tsc": "bin/tsc",
        "tsserver": "bin/tsserver"
      },
      "engines": {
        "node": ">=14.17"
      }
    },
    "node_modules/undici-types": {
      "version": "7.16.0",
      "resolved": "https://registry.npmjs.org/undici-types/-/undici-types-7.16.0.tgz",
      "integrity": "sha512-Zz+aZWSj8LE6zoxD+xrjh4VfkIG8Ya6LvYkZqtUQGJPZjYl53ypCaUwWqo7eI0x66KBGeRo+mlBEkMSeSZ38Nw==",
      "dev": true,
      "license": "MIT"
    }
  }
}
